
Microsoft Visual Studio Solution File, Format Version 12.00
# Visual Studio Version 16
VisualStudioVersion = 16.0.30523.141
MinimumVisualStudioVersion = 10.0.40219.1
Project("{FAE04EC0-301F-11D3-BF4B-00C04F79EFBC}") = "TreciZadatakk", "TreciZadatakk\TreciZadatakk.csproj", "{BBC8D835-0068-4E88-8BAB-3B1DC7D71EF2}"
EndProject
Global
	GlobalSection(SolutionConfigurationPlatforms) = preSolution
		Debug|Any CPU = Debug|Any CPU
		Release|Any CPU = Release|Any CPU
	EndGlobalSection
	GlobalSection(ProjectConfigurationPlatforms) = postSolution
		{BBC8D835-0068-4E88-8BAB-3B1DC7D71EF2}.Debug|Any CPU.ActiveCfg = Debug|Any CPU
		{BBC8D835-0068-4E88-8BAB-3B1DC7D71EF2}.Debug|Any CPU.Build.0 = Debug|Any CPU
		{BBC8D835-0068-4E88-8BAB-3B1DC7D71EF2}.Release|Any CPU.ActiveCfg = Release|Any CPU
		{BBC8D835-0068-4E88-8BAB-3B1DC7D71EF2}.Release|Any CPU.Build.0 = Release|Any CPU
	EndGlobalSection
	GlobalSection(SolutionProperties) = preSolution
		HideSolutionNode = FALSE
	EndGlobalSection
	GlobalSection(ExtensibilityGlobals) = postSolution
		SolutionGuid = {793B70E0-6E03-4122-9ED1-8553DF8423BF}
	EndGlobalSection
EndGlobal
